
Microsoft Visual Studio Solution File, Format Version 12.00
# Visual Studio Version 17
VisualStudioVersion = 17.7.34031.279
MinimumVisualStudioVersion = 10.0.40219.1
Project("{FAE04EC0-301F-11D3-BF4B-00C04F79EFBC}") = "Concepto", "Source\DbClientTest\Concepto\Concepto.csproj", "{36163B16-28E8-485F-84E0-42CBC1A137B2}"
EndProject
Project("{FAE04EC0-301F-11D3-BF4B-00C04F79EFBC}") = "ConsoleApp", "Source\DbClientTest\ConsoleApp\ConsoleApp.csproj", "{29EE0ADE-FFB4-488B-99D5-62CD4BDB2DD5}"
EndProject
Project("{FAE04EC0-301F-11D3-BF4B-00C04F79EFBC}") = "DbClient", "Source\DbClientTest\DbClient\DbClient.csproj", "{6CB14B3A-09B9-4F38-8BA7-5B6F066C8CEB}"
EndProject
Project("{2150E333-8FDC-42A3-9474-1A3956D46DE8}") = "DbClienteTest", "DbClienteTest", "{E184F979-EEE4-4C3B-A456-F8283A0E6FA0}"
EndProject
Project("{2150E333-8FDC-42A3-9474-1A3956D46DE8}") = "UnitTest", "UnitTest", "{909A6573-AE83-457B-8FF1-DF4EB22051BA}"
EndProject
Project("{FAE04EC0-301F-11D3-BF4B-00C04F79EFBC}") = "Test", "Source\UnitTest\Test\Test.csproj", "{ECC30583-E602-45E0-A36D-54703B76FC8C}"
EndProject
Project("{2150E333-8FDC-42A3-9474-1A3956D46DE8}") = "Calculadora", "Calculadora", "{70E2E807-8B8C-4CC0-807F-53DA420ACEDF}"
EndProject
Project("{FAE04EC0-301F-11D3-BF4B-00C04F79EFBC}") = "Calculadora.View", "Source\Calculadora\Calculadora.View\Calculadora.View.csproj", "{CFD9408E-BC1C-4503-97A6-0FBCD2BAC9DB}"
EndProject
Project("{FAE04EC0-301F-11D3-BF4B-00C04F79EFBC}") = "Calculadora.ViewModel", "Source\Calculadora\Calculadora.ViewModel\Calculadora.ViewModel.csproj", "{FC45EFF5-AA1F-465D-8B3F-7BF5D27220C2}"
EndProject
Project("{2150E333-8FDC-42A3-9474-1A3956D46DE8}") = "Linq", "Linq", "{2BD87A96-56FD-441A-9C54-266218220C40}"
EndProject
Project("{FAE04EC0-301F-11D3-BF4B-00C04F79EFBC}") = "Consola", "Source\Linq\Consola\Consola.csproj", "{DF1E380A-D33D-40BC-9596-405B31F5E8DB}"
EndProject
Global
	GlobalSection(SolutionConfigurationPlatforms) = preSolution
		Debug|Any CPU = Debug|Any CPU
		Release|Any CPU = Release|Any CPU
	EndGlobalSection
	GlobalSection(ProjectConfigurationPlatforms) = postSolution
		{36163B16-28E8-485F-84E0-42CBC1A137B2}.Debug|Any CPU.ActiveCfg = Debug|Any CPU
		{36163B16-28E8-485F-84E0-42CBC1A137B2}.Debug|Any CPU.Build.0 = Debug|Any CPU
		{36163B16-28E8-485F-84E0-42CBC1A137B2}.Release|Any CPU.ActiveCfg = Release|Any CPU
		{36163B16-28E8-485F-84E0-42CBC1A137B2}.Release|Any CPU.Build.0 = Release|Any CPU
		{29EE0ADE-FFB4-488B-99D5-62CD4BDB2DD5}.Debug|Any CPU.ActiveCfg = Debug|Any CPU
		{29EE0ADE-FFB4-488B-99D5-62CD4BDB2DD5}.Debug|Any CPU.Build.0 = Debug|Any CPU
		{29EE0ADE-FFB4-488B-99D5-62CD4BDB2DD5}.Release|Any CPU.ActiveCfg = Release|Any CPU
		{29EE0ADE-FFB4-488B-99D5-62CD4BDB2DD5}.Release|Any CPU.Build.0 = Release|Any CPU
		{6CB14B3A-09B9-4F38-8BA7-5B6F066C8CEB}.Debug|Any CPU.ActiveCfg = Debug|Any CPU
		{6CB14B3A-09B9-4F38-8BA7-5B6F066C8CEB}.Debug|Any CPU.Build.0 = Debug|Any CPU
		{6CB14B3A-09B9-4F38-8BA7-5B6F066C8CEB}.Release|Any CPU.ActiveCfg = Release|Any CPU
		{6CB14B3A-09B9-4F38-8BA7-5B6F066C8CEB}.Release|Any CPU.Build.0 = Release|Any CPU
		{ECC30583-E602-45E0-A36D-54703B76FC8C}.Debug|Any CPU.ActiveCfg = Debug|Any CPU
		{ECC30583-E602-45E0-A36D-54703B76FC8C}.Debug|Any CPU.Build.0 = Debug|Any CPU
		{ECC30583-E602-45E0-A36D-54703B76FC8C}.Release|Any CPU.ActiveCfg = Release|Any CPU
		{ECC30583-E602-45E0-A36D-54703B76FC8C}.Release|Any CPU.Build.0 = Release|Any CPU
		{CFD9408E-BC1C-4503-97A6-0FBCD2BAC9DB}.Debug|Any CPU.ActiveCfg = Debug|Any CPU
		{CFD9408E-BC1C-4503-97A6-0FBCD2BAC9DB}.Debug|Any CPU.Build.0 = Debug|Any CPU
		{CFD9408E-BC1C-4503-97A6-0FBCD2BAC9DB}.Release|Any CPU.ActiveCfg = Release|Any CPU
		{CFD9408E-BC1C-4503-97A6-0FBCD2BAC9DB}.Release|Any CPU.Build.0 = Release|Any CPU
		{FC45EFF5-AA1F-465D-8B3F-7BF5D27220C2}.Debug|Any CPU.ActiveCfg = Debug|Any CPU
		{FC45EFF5-AA1F-465D-8B3F-7BF5D27220C2}.Debug|Any CPU.Build.0 = Debug|Any CPU
		{FC45EFF5-AA1F-465D-8B3F-7BF5D27220C2}.Release|Any CPU.ActiveCfg = Release|Any CPU
		{FC45EFF5-AA1F-465D-8B3F-7BF5D27220C2}.Release|Any CPU.Build.0 = Release|Any CPU
		{DF1E380A-D33D-40BC-9596-405B31F5E8DB}.Debug|Any CPU.ActiveCfg = Debug|Any CPU
		{DF1E380A-D33D-40BC-9596-405B31F5E8DB}.Debug|Any CPU.Build.0 = Debug|Any CPU
		{DF1E380A-D33D-40BC-9596-405B31F5E8DB}.Release|Any CPU.ActiveCfg = Release|Any CPU
		{DF1E380A-D33D-40BC-9596-405B31F5E8DB}.Release|Any CPU.Build.0 = Release|Any CPU
	EndGlobalSection
	GlobalSection(SolutionProperties) = preSolution
		HideSolutionNode = FALSE
	EndGlobalSection
	GlobalSection(NestedProjects) = preSolution
		{36163B16-28E8-485F-84E0-42CBC1A137B2} = {E184F979-EEE4-4C3B-A456-F8283A0E6FA0}
		{29EE0ADE-FFB4-488B-99D5-62CD4BDB2DD5} = {E184F979-EEE4-4C3B-A456-F8283A0E6FA0}
		{6CB14B3A-09B9-4F38-8BA7-5B6F066C8CEB} = {E184F979-EEE4-4C3B-A456-F8283A0E6FA0}
		{ECC30583-E602-45E0-A36D-54703B76FC8C} = {909A6573-AE83-457B-8FF1-DF4EB22051BA}
		{CFD9408E-BC1C-4503-97A6-0FBCD2BAC9DB} = {70E2E807-8B8C-4CC0-807F-53DA420ACEDF}
		{FC45EFF5-AA1F-465D-8B3F-7BF5D27220C2} = {70E2E807-8B8C-4CC0-807F-53DA420ACEDF}
		{DF1E380A-D33D-40BC-9596-405B31F5E8DB} = {2BD87A96-56FD-441A-9C54-266218220C40}
	EndGlobalSection
	GlobalSection(ExtensibilityGlobals) = postSolution
		SolutionGuid = {57206D0C-7FB0-4061-85E3-0E48BF4FEFF7}
	EndGlobalSection
EndGlobal
